// !$*UTF8*$!
{
	archiveVersion = 1;
	classes = {
	};
	objectVersion = 55;
	objects = {

/* Begin PBXBuildFile section */
		2970E30F284CF81300366CD7 /* ClashUIApp.swift in Sources */ = {isa = PBXBuildFile; fileRef = 2970E30E284CF81300366CD7 /* ClashUIApp.swift */; };
		2970E311284CF81300366CD7 /* MainView.swift in Sources */ = {isa = PBXBuildFile; fileRef = 2970E310284CF81300366CD7 /* MainView.swift */; };
		2970E313284CF81500366CD7 /* Assets.xcassets in Resources */ = {isa = PBXBuildFile; fileRef = 2970E312284CF81500366CD7 /* Assets.xcassets */; };
		2970E316284CF81500366CD7 /* Preview Assets.xcassets in Resources */ = {isa = PBXBuildFile; fileRef = 2970E315284CF81500366CD7 /* Preview Assets.xcassets */; };
		2970E321284CF81500366CD7 /* ClashUITests.swift in Sources */ = {isa = PBXBuildFile; fileRef = 2970E320284CF81500366CD7 /* ClashUITests.swift */; };
		2970E32B284CF81500366CD7 /* ClashUIUITests.swift in Sources */ = {isa = PBXBuildFile; fileRef = 2970E32A284CF81500366CD7 /* ClashUIUITests.swift */; };
		2970E32D284CF81500366CD7 /* ClashUIUITestsLaunchTests.swift in Sources */ = {isa = PBXBuildFile; fileRef = 2970E32C284CF81500366CD7 /* ClashUIUITestsLaunchTests.swift */; };
		2970E33B284CFD2D00366CD7 /* Sidebar.swift in Sources */ = {isa = PBXBuildFile; fileRef = 2970E33A284CFD2D00366CD7 /* Sidebar.swift */; };
/* End PBXBuildFile section */

/* Begin PBXContainerItemProxy section */
		2970E31D284CF81500366CD7 /* PBXContainerItemProxy */ = {
			isa = PBXContainerItemProxy;
			containerPortal = 2970E303284CF81300366CD7 /* Project object */;
			proxyType = 1;
			remoteGlobalIDString = 2970E30A284CF81300366CD7;
			remoteInfo = ClashUI;
		};
		2970E327284CF81500366CD7 /* PBXContainerItemProxy */ = {
			isa = PBXContainerItemProxy;
			containerPortal = 2970E303284CF81300366CD7 /* Project object */;
			proxyType = 1;
			remoteGlobalIDString = 2970E30A284CF81300366CD7;
			remoteInfo = ClashUI;
		};
/* End PBXContainerItemProxy section */

/* Begin PBXFileReference section */
		2970E30B284CF81300366CD7 /* ClashUI.app */ = {isa = PBXFileReference; explicitFileType = wrapper.application; includeInIndex = 0; path = ClashUI.app; sourceTree = BUILT_PRODUCTS_DIR; };
		2970E30E284CF81300366CD7 /* ClashUIApp.swift */ = {isa = PBXFileReference; lastKnownFileType = sourcecode.swift; path = ClashUIApp.swift; sourceTree = "<group>"; };
		2970E310284CF81300366CD7 /* MainView.swift */ = {isa = PBXFileReference; lastKnownFileType = sourcecode.swift; path = MainView.swift; sourceTree = "<group>"; };
		2970E312284CF81500366CD7 /* Assets.xcassets */ = {isa = PBXFileReference; lastKnownFileType = folder.assetcatalog; path = Assets.xcassets; sourceTree = "<group>"; };
		2970E315284CF81500366CD7 /* Preview Assets.xcassets */ = {isa = PBXFileReference; lastKnownFileType = folder.assetcatalog; path = "Preview Assets.xcassets"; sourceTree = "<group>"; };
		2970E317284CF81500366CD7 /* ClashUI.entitlements */ = {isa = PBXFileReference; lastKnownFileType = text.plist.entitlements; path = ClashUI.entitlements; sourceTree = "<group>"; };
		2970E31C284CF81500366CD7 /* ClashUITests.xctest */ = {isa = PBXFileReference; explicitFileType = wrapper.cfbundle; includeInIndex = 0; path = ClashUITests.xctest; sourceTree = BUILT_PRODUCTS_DIR; };
		2970E320284CF81500366CD7 /* ClashUITests.swift */ = {isa = PBXFileReference; lastKnownFileType = sourcecode.swift; path = ClashUITests.swift; sourceTree = "<group>"; };
		2970E326284CF81500366CD7 /* ClashUIUITests.xctest */ = {isa = PBXFileReference; explicitFileType = wrapper.cfbundle; includeInIndex = 0; path = ClashUIUITests.xctest; sourceTree = BUILT_PRODUCTS_DIR; };
		2970E32A284CF81500366CD7 /* ClashUIUITests.swift */ = {isa = PBXFileReference; lastKnownFileType = sourcecode.swift; path = ClashUIUITests.swift; sourceTree = "<group>"; };
		2970E32C284CF81500366CD7 /* ClashUIUITestsLaunchTests.swift */ = {isa = PBXFileReference; lastKnownFileType = sourcecode.swift; path = ClashUIUITestsLaunchTests.swift; sourceTree = "<group>"; };
		2970E33A284CFD2D00366CD7 /* Sidebar.swift */ = {isa = PBXFileReference; lastKnownFileType = sourcecode.swift; path = Sidebar.swift; sourceTree = "<group>"; };
/* End PBXFileReference section */

/* Begin PBXFrameworksBuildPhase section */
		2970E308284CF81300366CD7 /* Frameworks */ = {
			isa = PBXFrameworksBuildPhase;
			buildActionMask = 2147483647;
			files = (
			);
			runOnlyForDeploymentPostprocessing = 0;
		};
		2970E319284CF81500366CD7 /* Frameworks */ = {
			isa = PBXFrameworksBuildPhase;
			buildActionMask = 2147483647;
			files = (
			);
			runOnlyForDeploymentPostprocessing = 0;
		};
		2970E323284CF81500366CD7 /* Frameworks */ = {
			isa = PBXFrameworksBuildPhase;
			buildActionMask = 2147483647;
			files = (
			);
			runOnlyForDeploymentPostprocessing = 0;
		};
/* End PBXFrameworksBuildPhase section */

/* Begin PBXGroup section */
		2970E302284CF81300366CD7 = {
			isa = PBXGroup;
			children = (
				2970E30D284CF81300366CD7 /* ClashUI */,
				2970E31F284CF81500366CD7 /* ClashUITests */,
				2970E329284CF81500366CD7 /* ClashUIUITests */,
				2970E30C284CF81300366CD7 /* Products */,
			);
			sourceTree = "<group>";
		};
		2970E30C284CF81300366CD7 /* Products */ = {
			isa = PBXGroup;
			children = (
				2970E30B284CF81300366CD7 /* ClashUI.app */,
				2970E31C284CF81500366CD7 /* ClashUITests.xctest */,
				2970E326284CF81500366CD7 /* ClashUIUITests.xctest */,
			);
			name = Products;
			sourceTree = "<group>";
		};
		2970E30D284CF81300366CD7 /* ClashUI */ = {
			isa = PBXGroup;
			children = (
				2970E30E284CF81300366CD7 /* ClashUIApp.swift */,
				2970E339284CFA9500366CD7 /* Views */,
				2970E312284CF81500366CD7 /* Assets.xcassets */,
				2970E317284CF81500366CD7 /* ClashUI.entitlements */,
				2970E314284CF81500366CD7 /* Preview Content */,
			);
			path = ClashUI;
			sourceTree = "<group>";
		};
		2970E314284CF81500366CD7 /* Preview Content */ = {
			isa = PBXGroup;
			children = (
				2970E315284CF81500366CD7 /* Preview Assets.xcassets */,
			);
			path = "Preview Content";
			sourceTree = "<group>";
		};
		2970E31F284CF81500366CD7 /* ClashUITests */ = {
			isa = PBXGroup;
			children = (
				2970E320284CF81500366CD7 /* ClashUITests.swift */,
			);
			path = ClashUITests;
			sourceTree = "<group>";
		};
		2970E329284CF81500366CD7 /* ClashUIUITests */ = {
			isa = PBXGroup;
			children = (
				2970E32A284CF81500366CD7 /* ClashUIUITests.swift */,
				2970E32C284CF81500366CD7 /* ClashUIUITestsLaunchTests.swift */,
			);
			path = ClashUIUITests;
			sourceTree = "<group>";
		};
		2970E339284CFA9500366CD7 /* Views */ = {
			isa = PBXGroup;
			children = (
				2970E310284CF81300366CD7 /* MainView.swift */,
				2970E33A284CFD2D00366CD7 /* Sidebar.swift */,
			);
			path = Views;
			sourceTree = "<group>";
		};
/* End PBXGroup section */

/* Begin PBXNativeTarget section */
		2970E30A284CF81300366CD7 /* ClashUI */ = {
			isa = PBXNativeTarget;
			buildConfigurationList = 2970E330284CF81500366CD7 /* Build configuration list for PBXNativeTarget "ClashUI" */;
			buildPhases = (
				2970E307284CF81300366CD7 /* Sources */,
				2970E308284CF81300366CD7 /* Frameworks */,
				2970E309284CF81300366CD7 /* Resources */,
			);
			buildRules = (
			);
			dependencies = (
			);
			name = ClashUI;
			productName = ClashUI;
			productReference = 2970E30B284CF81300366CD7 /* ClashUI.app */;
			productType = "com.apple.product-type.application";
		};
		2970E31B284CF81500366CD7 /* ClashUITests */ = {
			isa = PBXNativeTarget;
			buildConfigurationList = 2970E333284CF81500366CD7 /* Build configuration list for PBXNativeTarget "ClashUITests" */;
			buildPhases = (
				2970E318284CF81500366CD7 /* Sources */,
				2970E319284CF81500366CD7 /* Frameworks */,
				2970E31A284CF81500366CD7 /* Resources */,
			);
			buildRules = (
			);
			dependencies = (
				2970E31E284CF81500366CD7 /* PBXTargetDependency */,
			);
			name = ClashUITests;
			productName = ClashUITests;
			productReference = 2970E31C284CF81500366CD7 /* ClashUITests.xctest */;
			productType = "com.apple.product-type.bundle.unit-test";
		};
		2970E325284CF81500366CD7 /* ClashUIUITests */ = {
			isa = PBXNativeTarget;
			buildConfigurationList = 2970E336284CF81500366CD7 /* Build configuration list for PBXNativeTarget "ClashUIUITests" */;
			buildPhases = (
				2970E322284CF81500366CD7 /* Sources */,
				2970E323284CF81500366CD7 /* Frameworks */,
				2970E324284CF81500366CD7 /* Resources */,
			);
			buildRules = (
			);
			dependencies = (
				2970E328284CF81500366CD7 /* PBXTargetDependency */,
			);
			name = ClashUIUITests;
			productName = ClashUIUITests;
			productReference = 2970E326284CF81500366CD7 /* ClashUIUITests.xctest */;
			productType = "com.apple.product-type.bundle.ui-testing";
		};
/* End PBXNativeTarget section */

/* Begin PBXProject section */
		2970E303284CF81300366CD7 /* Project object */ = {
			isa = PBXProject;
			attributes = {
				BuildIndependentTargetsInParallel = 1;
				LastSwiftUpdateCheck = 1340;
				LastUpgradeCheck = 1340;
				TargetAttributes = {
					2970E30A284CF81300366CD7 = {
						CreatedOnToolsVersion = 13.4.1;
					};
					2970E31B284CF81500366CD7 = {
						CreatedOnToolsVersion = 13.4.1;
						TestTargetID = 2970E30A284CF81300366CD7;
					};
					2970E325284CF81500366CD7 = {
						CreatedOnToolsVersion = 13.4.1;
						TestTargetID = 2970E30A284CF81300366CD7;
					};
				};
			};
			buildConfigurationList = 2970E306284CF81300366CD7 /* Build configuration list for PBXProject "ClashUI" */;
			compatibilityVersion = "Xcode 13.0";
			developmentRegion = en;
			hasScannedForEncodings = 0;
			knownRegions = (
				en,
				Base,
			);
			mainGroup = 2970E302284CF81300366CD7;
			productRefGroup = 2970E30C284CF81300366CD7 /* Products */;
			projectDirPath = "";
			projectRoot = "";
			targets = (
				2970E30A284CF81300366CD7 /* ClashUI */,
				2970E31B284CF81500366CD7 /* ClashUITests */,
				2970E325284CF81500366CD7 /* ClashUIUITests */,
			);
		};
/* End PBXProject section */

/* Begin PBXResourcesBuildPhase section */
		2970E309284CF81300366CD7 /* Resources */ = {
			isa = PBXResourcesBuildPhase;
			buildActionMask = 2147483647;
			files = (
				2970E316284CF81500366CD7 /* Preview Assets.xcassets in Resources */,
				2970E313284CF81500366CD7 /* Assets.xcassets in Resources */,
			);
			runOnlyForDeploymentPostprocessing = 0;
		};
		2970E31A284CF81500366CD7 /* Resources */ = {
			isa = PBXResourcesBuildPhase;
			buildActionMask = 2147483647;
			files = (
			);
			runOnlyForDeploymentPostprocessing = 0;
		};
		2970E324284CF81500366CD7 /* Resources */ = {
			isa = PBXResourcesBuildPhase;
			buildActionMask = 2147483647;
			files = (
			);
			runOnlyForDeploymentPostprocessing = 0;
		};
/* End PBXResourcesBuildPhase section */

/* Begin PBXSourcesBuildPhase section */
		2970E307284CF81300366CD7 /* Sources */ = {
			isa = PBXSourcesBuildPhase;
			buildActionMask = 2147483647;
			files = (
				2970E311284CF81300366CD7 /* MainView.swift in Sources */,
				2970E33B284CFD2D00366CD7 /* Sidebar.swift in Sources */,
				2970E30F284CF81300366CD7 /* ClashUIApp.swift in Sources */,
			);
			runOnlyForDeploymentPostprocessing = 0;
		};
		2970E318284CF81500366CD7 /* Sources */ = {
			isa = PBXSourcesBuildPhase;
			buildActionMask = 2147483647;
			files = (
				2970E321284CF81500366CD7 /* ClashUITests.swift in Sources */,
			);
			runOnlyForDeploymentPostprocessing = 0;
		};
		2970E322284CF81500366CD7 /* Sources */ = {
			isa = PBXSourcesBuildPhase;
			buildActionMask = 2147483647;
			files = (
				2970E32D284CF81500366CD7 /* ClashUIUITestsLaunchTests.swift in Sources */,
				2970E32B284CF81500366CD7 /* ClashUIUITests.swift in Sources */,
			);
			runOnlyForDeploymentPostprocessing = 0;
		};
/* End PBXSourcesBuildPhase section */

/* Begin PBXTargetDependency section */
		2970E31E284CF81500366CD7 /* PBXTargetDependency */ = {
			isa = PBXTargetDependency;
			target = 2970E30A284CF81300366CD7 /* ClashUI */;
			targetProxy = 2970E31D284CF81500366CD7 /* PBXContainerItemProxy */;
		};
		2970E328284CF81500366CD7 /* PBXTargetDependency */ = {
			isa = PBXTargetDependency;
			target = 2970E30A284CF81300366CD7 /* ClashUI */;
			targetProxy = 2970E327284CF81500366CD7 /* PBXContainerItemProxy */;
		};
/* End PBXTargetDependency section */

/* Begin XCBuildConfiguration section */
		2970E32E284CF81500366CD7 /* Debug */ = {
			isa = XCBuildConfiguration;
			buildSettings = {
				ALWAYS_SEARCH_USER_PATHS = NO;
				CLANG_ANALYZER_NONNULL = YES;
				CLANG_ANALYZER_NUMBER_OBJECT_CONVERSION = YES_AGGRESSIVE;
				CLANG_CXX_LANGUAGE_STANDARD = "gnu++17";
				CLANG_ENABLE_MODULES = YES;
				CLANG_ENABLE_OBJC_ARC = YES;
				CLANG_ENABLE_OBJC_WEAK = YES;
				CLANG_WARN_BLOCK_CAPTURE_AUTORELEASING = YES;
				CLANG_WARN_BOOL_CONVERSION = YES;
				CLANG_WARN_COMMA = YES;
				CLANG_WARN_CONSTANT_CONVERSION = YES;
				CLANG_WARN_DEPRECATED_OBJC_IMPLEMENTATIONS = YES;
				CLANG_WARN_DIRECT_OBJC_ISA_USAGE = YES_ERROR;
				CLANG_WARN_DOCUMENTATION_COMMENTS = YES;
				CLANG_WARN_EMPTY_BODY = YES;
				CLANG_WARN_ENUM_CONVERSION = YES;
				CLANG_WARN_INFINITE_RECURSION = YES;
				CLANG_WARN_INT_CONVERSION = YES;
				CLANG_WARN_NON_LITERAL_NULL_CONVERSION = YES;
				CLANG_WARN_OBJC_IMPLICIT_RETAIN_SELF = YES;
				CLANG_WARN_OBJC_LITERAL_CONVERSION = YES;
				CLANG_WARN_OBJC_ROOT_CLASS = YES_ERROR;
				CLANG_WARN_QUOTED_INCLUDE_IN_FRAMEWORK_HEADER = YES;
				CLANG_WARN_RANGE_LOOP_ANALYSIS = YES;
				CLANG_WARN_STRICT_PROTOTYPES = YES;
				CLANG_WARN_SUSPICIOUS_MOVE = YES;
				CLANG_WARN_UNGUARDED_AVAILABILITY = YES_AGGRESSIVE;
				CLANG_WARN_UNREACHABLE_CODE = YES;
				CLANG_WARN__DUPLICATE_METHOD_MATCH = YES;
				COPY_PHASE_STRIP = NO;
				DEBUG_INFORMATION_FORMAT = dwarf;
				ENABLE_STRICT_OBJC_MSGSEND = YES;
				ENABLE_TESTABILITY = YES;
				GCC_C_LANGUAGE_STANDARD = gnu11;
				GCC_DYNAMIC_NO_PIC = NO;
				GCC_NO_COMMON_BLOCKS = YES;
				GCC_OPTIMIZATION_LEVEL = 0;
				GCC_PREPROCESSOR_DEFINITIONS = (
					"DEBUG=1",
					"$(inherited)",
				);
				GCC_WARN_64_TO_32_BIT_CONVERSION = YES;
				GCC_WARN_ABOUT_RETURN_TYPE = YES_ERROR;
				GCC_WARN_UNDECLARED_SELECTOR = YES;
				GCC_WARN_UNINITIALIZED_AUTOS = YES_AGGRESSIVE;
				GCC_WARN_UNUSED_FUNCTION = YES;
				GCC_WARN_UNUSED_VARIABLE = YES;
				MACOSX_DEPLOYMENT_TARGET = 12.3;
				MTL_ENABLE_DEBUG_INFO = INCLUDE_SOURCE;
				MTL_FAST_MATH = YES;
				ONLY_ACTIVE_ARCH = YES;
				SDKROOT = macosx;
				SWIFT_ACTIVE_COMPILATION_CONDITIONS = DEBUG;
				SWIFT_OPTIMIZATION_LEVEL = "-Onone";
			};
			name = Debug;
		};
		2970E32F284CF81500366CD7 /* Release */ = {
			isa = XCBuildConfiguration;
			buildSettings = {
				ALWAYS_SEARCH_USER_PATHS = NO;
				CLANG_ANALYZER_NONNULL = YES;
				CLANG_ANALYZER_NUMBER_OBJECT_CONVERSION = YES_AGGRESSIVE;
				CLANG_CXX_LANGUAGE_STANDARD = "gnu++17";
				CLANG_ENABLE_MODULES = YES;
				CLANG_ENABLE_OBJC_ARC = YES;
				CLANG_ENABLE_OBJC_WEAK = YES;
				CLANG_WARN_BLOCK_CAPTURE_AUTORELEASING = YES;
				CLANG_WARN_BOOL_CONVERSION = YES;
				CLANG_WARN_COMMA = YES;
				CLANG_WARN_CONSTANT_CONVERSION = YES;
				CLANG_WARN_DEPRECATED_OBJC_IMPLEMENTATIONS = YES;
				CLANG_WARN_DIRECT_OBJC_ISA_USAGE = YES_ERROR;
				CLANG_WARN_DOCUMENTATION_COMMENTS = YES;
				CLANG_WARN_EMPTY_BODY = YES;
				CLANG_WARN_ENUM_CONVERSION = YES;
				CLANG_WARN_INFINITE_RECURSION = YES;
				CLANG_WARN_INT_CONVERSION = YES;
				CLANG_WARN_NON_LITERAL_NULL_CONVERSION = YES;
				CLANG_WARN_OBJC_IMPLICIT_RETAIN_SELF = YES;
				CLANG_WARN_OBJC_LITERAL_CONVERSION = YES;
				CLANG_WARN_OBJC_ROOT_CLASS = YES_ERROR;
				CLANG_WARN_QUOTED_INCLUDE_IN_FRAMEWORK_HEADER = YES;
				CLANG_WARN_RANGE_LOOP_ANALYSIS = YES;
				CLANG_WARN_STRICT_PROTOTYPES = YES;
				CLANG_WARN_SUSPICIOUS_MOVE = YES;
				CLANG_WARN_UNGUARDED_AVAILABILITY = YES_AGGRESSIVE;
				CLANG_WARN_UNREACHABLE_CODE = YES;
				CLANG_WARN__DUPLICATE_METHOD_MATCH = YES;
				COPY_PHASE_STRIP = NO;
				DEBUG_INFORMATION_FORMAT = "dwarf-with-dsym";
				ENABLE_NS_ASSERTIONS = NO;
				ENABLE_STRICT_OBJC_MSGSEND = YES;
				GCC_C_LANGUAGE_STANDARD = gnu11;
				GCC_NO_COMMON_BLOCKS = YES;
				GCC_WARN_64_TO_32_BIT_CONVERSION = YES;
				GCC_WARN_ABOUT_RETURN_TYPE = YES_ERROR;
				GCC_WARN_UNDECLARED_SELECTOR = YES;
				GCC_WARN_UNINITIALIZED_AUTOS = YES_AGGRESSIVE;
				GCC_WARN_UNUSED_FUNCTION = YES;
				GCC_WARN_UNUSED_VARIABLE = YES;
				MACOSX_DEPLOYMENT_TARGET = 12.3;
				MTL_ENABLE_DEBUG_INFO = NO;
				MTL_FAST_MATH = YES;
				SDKROOT = macosx;
				SWIFT_COMPILATION_MODE = wholemodule;
				SWIFT_OPTIMIZATION_LEVEL = "-O";
			};
			name = Release;
		};
		2970E331284CF81500366CD7 /* Debug */ = {
			isa = XCBuildConfiguration;
			buildSettings = {
				ASSETCATALOG_COMPILER_APPICON_NAME = AppIcon;
				ASSETCATALOG_COMPILER_GLOBAL_ACCENT_COLOR_NAME = AccentColor;
				CODE_SIGN_ENTITLEMENTS = ClashUI/ClashUI.entitlements;
				CODE_SIGN_STYLE = Automatic;
				COMBINE_HIDPI_IMAGES = YES;
				CURRENT_PROJECT_VERSION = 1;
				DEVELOPMENT_ASSET_PATHS = "\"ClashUI/Preview Content\"";
				DEVELOPMENT_TEAM = 8TA5C5ASM9;
				ENABLE_HARDENED_RUNTIME = YES;
				ENABLE_PREVIEWS = YES;
				GENERATE_INFOPLIST_FILE = YES;
				INFOPLIST_KEY_NSHumanReadableCopyright = "";
				LD_RUNPATH_SEARCH_PATHS = (
					"$(inherited)",
					"@executable_path/../Frameworks",
				);
				MARKETING_VERSION = 1.0;
				PRODUCT_BUNDLE_IDENTIFIER = me.jiaxin.ClashUI;
				PRODUCT_NAME = "$(TARGET_NAME)";
				SWIFT_EMIT_LOC_STRINGS = YES;
				SWIFT_VERSION = 5.0;
			};
			name = Debug;
		};
		2970E332284CF81500366CD7 /* Release */ = {
			isa = XCBuildConfiguration;
			buildSettings = {
				ASSETCATALOG_COMPILER_APPICON_NAME = AppIcon;
				ASSETCATALOG_COMPILER_GLOBAL_ACCENT_COLOR_NAME = AccentColor;
				CODE_SIGN_ENTITLEMENTS = ClashUI/ClashUI.entitlements;
				CODE_SIGN_STYLE = Automatic;
				COMBINE_HIDPI_IMAGES = YES;
				CURRENT_PROJECT_VERSION = 1;
				DEVELOPMENT_ASSET_PATHS = "\"ClashUI/Preview Content\"";
				DEVELOPMENT_TEAM = 8TA5C5ASM9;
				ENABLE_HARDENED_RUNTIME = YES;
				ENABLE_PREVIEWS = YES;
				GENERATE_INFOPLIST_FILE = YES;
				INFOPLIST_KEY_NSHumanReadableCopyright = "";
				LD_RUNPATH_SEARCH_PATHS = (
					"$(inherited)",
					"@executable_path/../Frameworks",
				);
				MARKETING_VERSION = 1.0;
				PRODUCT_BUNDLE_IDENTIFIER = me.jiaxin.ClashUI;
				PRODUCT_NAME = "$(TARGET_NAME)";
				SWIFT_EMIT_LOC_STRINGS = YES;
				SWIFT_VERSION = 5.0;
			};
			name = Release;
		};
		2970E334284CF81500366CD7 /* Debug */ = {
			isa = XCBuildConfiguration;
			buildSettings = {
				ALWAYS_EMBED_SWIFT_STANDARD_LIBRARIES = YES;
				BUNDLE_LOADER = "$(TEST_HOST)";
				CODE_SIGN_STYLE = Automatic;
				CURRENT_PROJECT_VERSION = 1;
				DEVELOPMENT_TEAM = 8TA5C5ASM9;
				GENERATE_INFOPLIST_FILE = YES;
				MACOSX_DEPLOYMENT_TARGET = 12.3;
				MARKETING_VERSION = 1.0;
				PRODUCT_BUNDLE_IDENTIFIER = me.jiaxin.ClashUITests;
				PRODUCT_NAME = "$(TARGET_NAME)";
				SWIFT_EMIT_LOC_STRINGS = NO;
				SWIFT_VERSION = 5.0;
				TEST_HOST = "$(BUILT_PRODUCTS_DIR)/ClashUI.app/Contents/MacOS/ClashUI";
			};
			name = Debug;
		};
		2970E335284CF81500366CD7 /* Release */ = {
			isa = XCBuildConfiguration;
			buildSettings = {
				ALWAYS_EMBED_SWIFT_STANDARD_LIBRARIES = YES;
				BUNDLE_LOADER = "$(TEST_HOST)";
				CODE_SIGN_STYLE = Automatic;
				CURRENT_PROJECT_VERSION = 1;
				DEVELOPMENT_TEAM = 8TA5C5ASM9;
				GENERATE_INFOPLIST_FILE = YES;
				MACOSX_DEPLOYMENT_TARGET = 12.3;
				MARKETING_VERSION = 1.0;
				PRODUCT_BUNDLE_IDENTIFIER = me.jiaxin.ClashUITests;
				PRODUCT_NAME = "$(TARGET_NAME)";
				SWIFT_EMIT_LOC_STRINGS = NO;
				SWIFT_VERSION = 5.0;
				TEST_HOST = "$(BUILT_PRODUCTS_DIR)/ClashUI.app/Contents/MacOS/ClashUI";
			};
			name = Release;
		};
		2970E337284CF81500366CD7 /* Debug */ = {
			isa = XCBuildConfiguration;
			buildSettings = {
				ALWAYS_EMBED_SWIFT_STANDARD_LIBRARIES = YES;
				CODE_SIGN_STYLE = Automatic;
				CURRENT_PROJECT_VERSION = 1;
				DEVELOPMENT_TEAM = 8TA5C5ASM9;
				GENERATE_INFOPLIST_FILE = YES;
				MARKETING_VERSION = 1.0;
				PRODUCT_BUNDLE_IDENTIFIER = me.jiaxin.ClashUIUITests;
				PRODUCT_NAME = "$(TARGET_NAME)";
				SWIFT_EMIT_LOC_STRINGS = NO;
				SWIFT_VERSION = 5.0;
				TEST_TARGET_NAME = ClashUI;
			};
			name = Debug;
		};
		2970E338284CF81500366CD7 /* Release */ = {
			isa = XCBuildConfiguration;
			buildSettings = {
				ALWAYS_EMBED_SWIFT_STANDARD_LIBRARIES = YES;
				CODE_SIGN_STYLE = Automatic;
				CURRENT_PROJECT_VERSION = 1;
				DEVELOPMENT_TEAM = 8TA5C5ASM9;
				GENERATE_INFOPLIST_FILE = YES;
				MARKETING_VERSION = 1.0;
				PRODUCT_BUNDLE_IDENTIFIER = me.jiaxin.ClashUIUITests;
				PRODUCT_NAME = "$(TARGET_NAME)";
				SWIFT_EMIT_LOC_STRINGS = NO;
				SWIFT_VERSION = 5.0;
				TEST_TARGET_NAME = ClashUI;
			};
			name = Release;
		};
/* End XCBuildConfiguration section */

/* Begin XCConfigurationList section */
		2970E306284CF81300366CD7 /* Build configuration list for PBXProject "ClashUI" */ = {
			isa = XCConfigurationList;
			buildConfigurations = (
				2970E32E284CF81500366CD7 /* Debug */,
				2970E32F284CF81500366CD7 /* Release */,
			);
			defaultConfigurationIsVisible = 0;
			defaultConfigurationName = Release;
		};
		2970E330284CF81500366CD7 /* Build configuration list for PBXNativeTarget "ClashUI" */ = {
			isa = XCConfigurationList;
			buildConfigurations = (
				2970E331284CF81500366CD7 /* Debug */,
				2970E332284CF81500366CD7 /* Release */,
			);
			defaultConfigurationIsVisible = 0;
			defaultConfigurationName = Release;
		};
		2970E333284CF81500366CD7 /* Build configuration list for PBXNativeTarget "ClashUITests" */ = {
			isa = XCConfigurationList;
			buildConfigurations = (
				2970E334284CF81500366CD7 /* Debug */,
				2970E335284CF81500366CD7 /* Release */,
			);
			defaultConfigurationIsVisible = 0;
			defaultConfigurationName = Release;
		};
		2970E336284CF81500366CD7 /* Build configuration list for PBXNativeTarget "ClashUIUITests" */ = {
			isa = XCConfigurationList;
			buildConfigurations = (
				2970E337284CF81500366CD7 /* Debug */,
				2970E338284CF81500366CD7 /* Release */,
			);
			defaultConfigurationIsVisible = 0;
			defaultConfigurationName = Release;
		};
/* End XCConfigurationList section */
	};
	rootObject = 2970E303284CF81300366CD7 /* Project object */;
}
